
Microsoft Visual Studio Solution File, Format Version 12.00
# Visual Studio Version 17
VisualStudioVersion = 17.11.35327.3
MinimumVisualStudioVersion = 10.0.40219.1
Project("{FAE04EC0-301F-11D3-BF4B-00C04F79EFBC}") = "ApiRestSistema", "ApiRestSistema\ApiRestSistema.csproj", "{4E400DB3-7EB1-436E-AD64-D157AAB55BAC}"
EndProject
Global
	GlobalSection(SolutionConfigurationPlatforms) = preSolution
		Debug|Any CPU = Debug|Any CPU
		Release|Any CPU = Release|Any CPU
	EndGlobalSection
	GlobalSection(ProjectConfigurationPlatforms) = postSolution
		{4E400DB3-7EB1-436E-AD64-D157AAB55BAC}.Debug|Any CPU.ActiveCfg = Debug|Any CPU
		{4E400DB3-7EB1-436E-AD64-D157AAB55BAC}.Debug|Any CPU.Build.0 = Debug|Any CPU
		{4E400DB3-7EB1-436E-AD64-D157AAB55BAC}.Release|Any CPU.ActiveCfg = Release|Any CPU
		{4E400DB3-7EB1-436E-AD64-D157AAB55BAC}.Release|Any CPU.Build.0 = Release|Any CPU
	EndGlobalSection
	GlobalSection(SolutionProperties) = preSolution
		HideSolutionNode = FALSE
	EndGlobalSection
	GlobalSection(ExtensibilityGlobals) = postSolution
		SolutionGuid = {A436B4CE-E078-491E-A114-CB54D61286E9}
	EndGlobalSection
EndGlobal
